
Microsoft Visual Studio Solution File, Format Version 12.00
# Visual Studio Version 17
VisualStudioVersion = 17.0.31903.59
MinimumVisualStudioVersion = 10.0.40219.1
Project("{FAE04EC0-301F-11D3-BF4B-00C04F79EFBC}") = "VendingMachine", "VendingMachine\VendingMachine.csproj", "{4014A6CF-A765-49D0-B097-9D4869760F0A}"
EndProject
Project("{FAE04EC0-301F-11D3-BF4B-00C04F79EFBC}") = "VendingMachine.Tests", "VendingMachine.Tests\VendingMachine.Tests.csproj", "{43A07F92-65A8-474E-9E2E-787420FC5D47}"
EndProject
Global
	GlobalSection(SolutionConfigurationPlatforms) = preSolution
		Debug|Any CPU = Debug|Any CPU
		Release|Any CPU = Release|Any CPU
	EndGlobalSection
	GlobalSection(SolutionProperties) = preSolution
		HideSolutionNode = FALSE
	EndGlobalSection
	GlobalSection(ProjectConfigurationPlatforms) = postSolution
		{4014A6CF-A765-49D0-B097-9D4869760F0A}.Debug|Any CPU.ActiveCfg = Debug|Any CPU
		{4014A6CF-A765-49D0-B097-9D4869760F0A}.Debug|Any CPU.Build.0 = Debug|Any CPU
		{4014A6CF-A765-49D0-B097-9D4869760F0A}.Release|Any CPU.ActiveCfg = Release|Any CPU
		{4014A6CF-A765-49D0-B097-9D4869760F0A}.Release|Any CPU.Build.0 = Release|Any CPU
		{43A07F92-65A8-474E-9E2E-787420FC5D47}.Debug|Any CPU.ActiveCfg = Debug|Any CPU
		{43A07F92-65A8-474E-9E2E-787420FC5D47}.Debug|Any CPU.Build.0 = Debug|Any CPU
		{43A07F92-65A8-474E-9E2E-787420FC5D47}.Release|Any CPU.ActiveCfg = Release|Any CPU
		{43A07F92-65A8-474E-9E2E-787420FC5D47}.Release|Any CPU.Build.0 = Release|Any CPU
	EndGlobalSection
EndGlobal
